{
  "object": {
    "pins": [
      {
        "package": "cglm",
        "repositoryURL": "https://github.com/recp/cglm",
        "state": {
          "branch": "master",
          "revision": "8b958e96002e9bb3221aab858a77c0990494b7ea",
          "version": null
        }
      }
    ]
  },
  "version": 1
}
