{
  "object": {
    "pins": [
      {
        "package": "cglm",
        "repositoryURL": "https://github.com/recp/cglm",
        "state": {
          "branch": "master",
          "revision": "c783c4210152522ef61f40863f7c91f74186cb2a",
          "version": null
        }
      }
    ]
  },
  "version": 1
}
